{
  "name": "studybud",
  "version": "1.0.0",
  "lockfileVersion": 2,
  "requires": true,
  "packages": {
    "": {
      "name": "studybud",
      "version": "1.0.0",
      "license": "ISC",
      "dependencies": {
        "lxgw-wenkai-lite-webfont": "^1.3.0"
      }
    },
    "node_modules/lxgw-wenkai-lite-webfont": {
      "version": "1.3.0",
      "resolved": "https://registry.npmjs.org/lxgw-wenkai-lite-webfont/-/lxgw-wenkai-lite-webfont-1.3.0.tgz",
      "integrity": "sha512-Znkn1SUHlLsoYGzhrZtx++UgwYmB3RfhGTVGc3wZxdBUrsp8bLAl8LMH40+RRbD0GVL2nqL3ivaW+AtnmgreCw=="
    }
  },
  "dependencies": {
    "lxgw-wenkai-lite-webfont": {
      "version": "1.3.0",
      "resolved": "https://registry.npmjs.org/lxgw-wenkai-lite-webfont/-/lxgw-wenkai-lite-webfont-1.3.0.tgz",
      "integrity": "sha512-Znkn1SUHlLsoYGzhrZtx++UgwYmB3RfhGTVGc3wZxdBUrsp8bLAl8LMH40+RRbD0GVL2nqL3ivaW+AtnmgreCw=="
    }
  }
}
